
Microsoft Visual Studio Solution File, Format Version 12.00
# Visual Studio 15
VisualStudioVersion = 15.0.28307.645
MinimumVisualStudioVersion = 10.0.40219.1
Project("{FAE04EC0-301F-11D3-BF4B-00C04F79EFBC}") = "ACM.BL", "ACM.BL\ACM.BL.csproj", "{2C9216F5-9865-4F10-BFA6-504C840E373A}"
EndProject
Project("{2150E333-8FDC-42A3-9474-1A3956D46DE8}") = "Tests", "Tests", "{3AFCCCAE-996C-4C79-B225-F00E978D6C5D}"
EndProject
Project("{FAE04EC0-301F-11D3-BF4B-00C04F79EFBC}") = "ACM.BLTest", "Tests\ACM.BLTest\ACM.BLTest.csproj", "{966889D5-7CDB-4AD4-BFE2-E527435D0415}"
EndProject
Global
	GlobalSection(SolutionConfigurationPlatforms) = preSolution
		Debug|Any CPU = Debug|Any CPU
		Release|Any CPU = Release|Any CPU
	EndGlobalSection
	GlobalSection(ProjectConfigurationPlatforms) = postSolution
		{2C9216F5-9865-4F10-BFA6-504C840E373A}.Debug|Any CPU.ActiveCfg = Debug|Any CPU
		{2C9216F5-9865-4F10-BFA6-504C840E373A}.Debug|Any CPU.Build.0 = Debug|Any CPU
		{2C9216F5-9865-4F10-BFA6-504C840E373A}.Release|Any CPU.ActiveCfg = Release|Any CPU
		{2C9216F5-9865-4F10-BFA6-504C840E373A}.Release|Any CPU.Build.0 = Release|Any CPU
		{966889D5-7CDB-4AD4-BFE2-E527435D0415}.Debug|Any CPU.ActiveCfg = Debug|Any CPU
		{966889D5-7CDB-4AD4-BFE2-E527435D0415}.Debug|Any CPU.Build.0 = Debug|Any CPU
		{966889D5-7CDB-4AD4-BFE2-E527435D0415}.Release|Any CPU.ActiveCfg = Release|Any CPU
		{966889D5-7CDB-4AD4-BFE2-E527435D0415}.Release|Any CPU.Build.0 = Release|Any CPU
	EndGlobalSection
	GlobalSection(SolutionProperties) = preSolution
		HideSolutionNode = FALSE
	EndGlobalSection
	GlobalSection(NestedProjects) = preSolution
		{966889D5-7CDB-4AD4-BFE2-E527435D0415} = {3AFCCCAE-996C-4C79-B225-F00E978D6C5D}
	EndGlobalSection
	GlobalSection(ExtensibilityGlobals) = postSolution
		SolutionGuid = {3371F3A0-0989-4002-BFE2-922040BB0F33}
	EndGlobalSection
EndGlobal
